
Microsoft Visual Studio Solution File, Format Version 12.00
# Visual Studio Version 17
VisualStudioVersion = 17.0.32014.148
MinimumVisualStudioVersion = 10.0.40219.1
Project("{9A19103F-16F7-4668-BE54-9A1E7A4F7556}") = "Trees", "Trees\Trees.csproj", "{7A8319A4-A93B-47D8-ADD8-A877B695C434}"
EndProject
Global
	GlobalSection(SolutionConfigurationPlatforms) = preSolution
		Debug|Any CPU = Debug|Any CPU
		Release|Any CPU = Release|Any CPU
	EndGlobalSection
	GlobalSection(ProjectConfigurationPlatforms) = postSolution
		{7A8319A4-A93B-47D8-ADD8-A877B695C434}.Debug|Any CPU.ActiveCfg = Debug|Any CPU
		{7A8319A4-A93B-47D8-ADD8-A877B695C434}.Debug|Any CPU.Build.0 = Debug|Any CPU
		{7A8319A4-A93B-47D8-ADD8-A877B695C434}.Release|Any CPU.ActiveCfg = Release|Any CPU
		{7A8319A4-A93B-47D8-ADD8-A877B695C434}.Release|Any CPU.Build.0 = Release|Any CPU
	EndGlobalSection
	GlobalSection(SolutionProperties) = preSolution
		HideSolutionNode = FALSE
	EndGlobalSection
	GlobalSection(ExtensibilityGlobals) = postSolution
		SolutionGuid = {DCA1696C-448F-4A48-AEEB-0655C453F6F5}
	EndGlobalSection
EndGlobal
